// !$*UTF8*$!
{
	archiveVersion = 1;
	classes = {
	};
	objectVersion = 50;
	objects = {

/* Begin PBXBuildFile section */
		9777D35F23395E5700052407 /* AppDelegate.swift in Sources */ = {isa = PBXBuildFile; fileRef = 9777D35E23395E5700052407 /* AppDelegate.swift */; };
		9777D36123395E5800052407 /* Assets.xcassets in Resources */ = {isa = PBXBuildFile; fileRef = 9777D36023395E5800052407 /* Assets.xcassets */; };
		9777D36423395E5800052407 /* MainMenu.xib in Resources */ = {isa = PBXBuildFile; fileRef = 9777D36223395E5800052407 /* MainMenu.xib */; };
		9777D37023395E5800052407 /* Delectus_2Tests.swift in Sources */ = {isa = PBXBuildFile; fileRef = 9777D36F23395E5800052407 /* Delectus_2Tests.swift */; };
		9777D37B23395E5800052407 /* Delectus_2UITests.swift in Sources */ = {isa = PBXBuildFile; fileRef = 9777D37A23395E5800052407 /* Delectus_2UITests.swift */; };
/* End PBXBuildFile section */

/* Begin PBXContainerItemProxy section */
		9777D36C23395E5800052407 /* PBXContainerItemProxy */ = {
			isa = PBXContainerItemProxy;
			containerPortal = 9777D35323395E5700052407 /* Project object */;
			proxyType = 1;
			remoteGlobalIDString = 9777D35A23395E5700052407;
			remoteInfo = "Delectus 2";
		};
		9777D37723395E5800052407 /* PBXContainerItemProxy */ = {
			isa = PBXContainerItemProxy;
			containerPortal = 9777D35323395E5700052407 /* Project object */;
			proxyType = 1;
			remoteGlobalIDString = 9777D35A23395E5700052407;
			remoteInfo = "Delectus 2";
		};
/* End PBXContainerItemProxy section */

/* Begin PBXFileReference section */
		9777D35B23395E5700052407 /* Delectus 2.app */ = {isa = PBXFileReference; explicitFileType = wrapper.application; includeInIndex = 0; path = "Delectus 2.app"; sourceTree = BUILT_PRODUCTS_DIR; };
		9777D35E23395E5700052407 /* AppDelegate.swift */ = {isa = PBXFileReference; lastKnownFileType = sourcecode.swift; path = AppDelegate.swift; sourceTree = "<group>"; };
		9777D36023395E5800052407 /* Assets.xcassets */ = {isa = PBXFileReference; lastKnownFileType = folder.assetcatalog; path = Assets.xcassets; sourceTree = "<group>"; };
		9777D36323395E5800052407 /* Base */ = {isa = PBXFileReference; lastKnownFileType = file.xib; name = Base; path = Base.lproj/MainMenu.xib; sourceTree = "<group>"; };
		9777D36523395E5800052407 /* Info.plist */ = {isa = PBXFileReference; lastKnownFileType = text.plist.xml; path = Info.plist; sourceTree = "<group>"; };
		9777D36623395E5800052407 /* Delectus_2.entitlements */ = {isa = PBXFileReference; lastKnownFileType = text.plist.entitlements; path = Delectus_2.entitlements; sourceTree = "<group>"; };
		9777D36B23395E5800052407 /* Delectus 2Tests.xctest */ = {isa = PBXFileReference; explicitFileType = wrapper.cfbundle; includeInIndex = 0; path = "Delectus 2Tests.xctest"; sourceTree = BUILT_PRODUCTS_DIR; };
		9777D36F23395E5800052407 /* Delectus_2Tests.swift */ = {isa = PBXFileReference; lastKnownFileType = sourcecode.swift; path = Delectus_2Tests.swift; sourceTree = "<group>"; };
		9777D37123395E5800052407 /* Info.plist */ = {isa = PBXFileReference; lastKnownFileType = text.plist.xml; path = Info.plist; sourceTree = "<group>"; };
		9777D37623395E5800052407 /* Delectus 2UITests.xctest */ = {isa = PBXFileReference; explicitFileType = wrapper.cfbundle; includeInIndex = 0; path = "Delectus 2UITests.xctest"; sourceTree = BUILT_PRODUCTS_DIR; };
		9777D37A23395E5800052407 /* Delectus_2UITests.swift */ = {isa = PBXFileReference; lastKnownFileType = sourcecode.swift; path = Delectus_2UITests.swift; sourceTree = "<group>"; };
		9777D37C23395E5800052407 /* Info.plist */ = {isa = PBXFileReference; lastKnownFileType = text.plist.xml; path = Info.plist; sourceTree = "<group>"; };
/* End PBXFileReference section */

/* Begin PBXFrameworksBuildPhase section */
		9777D35823395E5700052407 /* Frameworks */ = {
			isa = PBXFrameworksBuildPhase;
			buildActionMask = 2147483647;
			files = (
			);
			runOnlyForDeploymentPostprocessing = 0;
		};
		9777D36823395E5800052407 /* Frameworks */ = {
			isa = PBXFrameworksBuildPhase;
			buildActionMask = 2147483647;
			files = (
			);
			runOnlyForDeploymentPostprocessing = 0;
		};
		9777D37323395E5800052407 /* Frameworks */ = {
			isa = PBXFrameworksBuildPhase;
			buildActionMask = 2147483647;
			files = (
			);
			runOnlyForDeploymentPostprocessing = 0;
		};
/* End PBXFrameworksBuildPhase section */

/* Begin PBXGroup section */
		9777D35223395E5700052407 = {
			isa = PBXGroup;
			children = (
				9777D35D23395E5700052407 /* Delectus 2 */,
				9777D36E23395E5800052407 /* Delectus 2Tests */,
				9777D37923395E5800052407 /* Delectus 2UITests */,
				9777D35C23395E5700052407 /* Products */,
			);
			sourceTree = "<group>";
		};
		9777D35C23395E5700052407 /* Products */ = {
			isa = PBXGroup;
			children = (
				9777D35B23395E5700052407 /* Delectus 2.app */,
				9777D36B23395E5800052407 /* Delectus 2Tests.xctest */,
				9777D37623395E5800052407 /* Delectus 2UITests.xctest */,
			);
			name = Products;
			sourceTree = "<group>";
		};
		9777D35D23395E5700052407 /* Delectus 2 */ = {
			isa = PBXGroup;
			children = (
				9777D35E23395E5700052407 /* AppDelegate.swift */,
				9777D36023395E5800052407 /* Assets.xcassets */,
				9777D36223395E5800052407 /* MainMenu.xib */,
				9777D36523395E5800052407 /* Info.plist */,
				9777D36623395E5800052407 /* Delectus_2.entitlements */,
			);
			path = "Delectus 2";
			sourceTree = "<group>";
		};
		9777D36E23395E5800052407 /* Delectus 2Tests */ = {
			isa = PBXGroup;
			children = (
				9777D36F23395E5800052407 /* Delectus_2Tests.swift */,
				9777D37123395E5800052407 /* Info.plist */,
			);
			path = "Delectus 2Tests";
			sourceTree = "<group>";
		};
		9777D37923395E5800052407 /* Delectus 2UITests */ = {
			isa = PBXGroup;
			children = (
				9777D37A23395E5800052407 /* Delectus_2UITests.swift */,
				9777D37C23395E5800052407 /* Info.plist */,
			);
			path = "Delectus 2UITests";
			sourceTree = "<group>";
		};
/* End PBXGroup section */

/* Begin PBXNativeTarget section */
		9777D35A23395E5700052407 /* Delectus 2 */ = {
			isa = PBXNativeTarget;
			buildConfigurationList = 9777D37F23395E5800052407 /* Build configuration list for PBXNativeTarget "Delectus 2" */;
			buildPhases = (
				9777D35723395E5700052407 /* Sources */,
				9777D35823395E5700052407 /* Frameworks */,
				9777D35923395E5700052407 /* Resources */,
			);
			buildRules = (
			);
			dependencies = (
			);
			name = "Delectus 2";
			productName = "Delectus 2";
			productReference = 9777D35B23395E5700052407 /* Delectus 2.app */;
			productType = "com.apple.product-type.application";
		};
		9777D36A23395E5800052407 /* Delectus 2Tests */ = {
			isa = PBXNativeTarget;
			buildConfigurationList = 9777D38223395E5800052407 /* Build configuration list for PBXNativeTarget "Delectus 2Tests" */;
			buildPhases = (
				9777D36723395E5800052407 /* Sources */,
				9777D36823395E5800052407 /* Frameworks */,
				9777D36923395E5800052407 /* Resources */,
			);
			buildRules = (
			);
			dependencies = (
				9777D36D23395E5800052407 /* PBXTargetDependency */,
			);
			name = "Delectus 2Tests";
			productName = "Delectus 2Tests";
			productReference = 9777D36B23395E5800052407 /* Delectus 2Tests.xctest */;
			productType = "com.apple.product-type.bundle.unit-test";
		};
		9777D37523395E5800052407 /* Delectus 2UITests */ = {
			isa = PBXNativeTarget;
			buildConfigurationList = 9777D38523395E5800052407 /* Build configuration list for PBXNativeTarget "Delectus 2UITests" */;
			buildPhases = (
				9777D37223395E5800052407 /* Sources */,
				9777D37323395E5800052407 /* Frameworks */,
				9777D37423395E5800052407 /* Resources */,
			);
			buildRules = (
			);
			dependencies = (
				9777D37823395E5800052407 /* PBXTargetDependency */,
			);
			name = "Delectus 2UITests";
			productName = "Delectus 2UITests";
			productReference = 9777D37623395E5800052407 /* Delectus 2UITests.xctest */;
			productType = "com.apple.product-type.bundle.ui-testing";
		};
/* End PBXNativeTarget section */

/* Begin PBXProject section */
		9777D35323395E5700052407 /* Project object */ = {
			isa = PBXProject;
			attributes = {
				LastSwiftUpdateCheck = 1100;
				LastUpgradeCheck = 1100;
				ORGANIZATIONNAME = "mikel evins";
				TargetAttributes = {
					9777D35A23395E5700052407 = {
						CreatedOnToolsVersion = 11.0;
					};
					9777D36A23395E5800052407 = {
						CreatedOnToolsVersion = 11.0;
						TestTargetID = 9777D35A23395E5700052407;
					};
					9777D37523395E5800052407 = {
						CreatedOnToolsVersion = 11.0;
						TestTargetID = 9777D35A23395E5700052407;
					};
				};
			};
			buildConfigurationList = 9777D35623395E5700052407 /* Build configuration list for PBXProject "Delectus 2" */;
			compatibilityVersion = "Xcode 9.3";
			developmentRegion = en;
			hasScannedForEncodings = 0;
			knownRegions = (
				en,
				Base,
			);
			mainGroup = 9777D35223395E5700052407;
			productRefGroup = 9777D35C23395E5700052407 /* Products */;
			projectDirPath = "";
			projectRoot = "";
			targets = (
				9777D35A23395E5700052407 /* Delectus 2 */,
				9777D36A23395E5800052407 /* Delectus 2Tests */,
				9777D37523395E5800052407 /* Delectus 2UITests */,
			);
		};
/* End PBXProject section */

/* Begin PBXResourcesBuildPhase section */
		9777D35923395E5700052407 /* Resources */ = {
			isa = PBXResourcesBuildPhase;
			buildActionMask = 2147483647;
			files = (
				9777D36123395E5800052407 /* Assets.xcassets in Resources */,
				9777D36423395E5800052407 /* MainMenu.xib in Resources */,
			);
			runOnlyForDeploymentPostprocessing = 0;
		};
		9777D36923395E5800052407 /* Resources */ = {
			isa = PBXResourcesBuildPhase;
			buildActionMask = 2147483647;
			files = (
			);
			runOnlyForDeploymentPostprocessing = 0;
		};
		9777D37423395E5800052407 /* Resources */ = {
			isa = PBXResourcesBuildPhase;
			buildActionMask = 2147483647;
			files = (
			);
			runOnlyForDeploymentPostprocessing = 0;
		};
/* End PBXResourcesBuildPhase section */

/* Begin PBXSourcesBuildPhase section */
		9777D35723395E5700052407 /* Sources */ = {
			isa = PBXSourcesBuildPhase;
			buildActionMask = 2147483647;
			files = (
				9777D35F23395E5700052407 /* AppDelegate.swift in Sources */,
			);
			runOnlyForDeploymentPostprocessing = 0;
		};
		9777D36723395E5800052407 /* Sources */ = {
			isa = PBXSourcesBuildPhase;
			buildActionMask = 2147483647;
			files = (
				9777D37023395E5800052407 /* Delectus_2Tests.swift in Sources */,
			);
			runOnlyForDeploymentPostprocessing = 0;
		};
		9777D37223395E5800052407 /* Sources */ = {
			isa = PBXSourcesBuildPhase;
			buildActionMask = 2147483647;
			files = (
				9777D37B23395E5800052407 /* Delectus_2UITests.swift in Sources */,
			);
			runOnlyForDeploymentPostprocessing = 0;
		};
/* End PBXSourcesBuildPhase section */

/* Begin PBXTargetDependency section */
		9777D36D23395E5800052407 /* PBXTargetDependency */ = {
			isa = PBXTargetDependency;
			target = 9777D35A23395E5700052407 /* Delectus 2 */;
			targetProxy = 9777D36C23395E5800052407 /* PBXContainerItemProxy */;
		};
		9777D37823395E5800052407 /* PBXTargetDependency */ = {
			isa = PBXTargetDependency;
			target = 9777D35A23395E5700052407 /* Delectus 2 */;
			targetProxy = 9777D37723395E5800052407 /* PBXContainerItemProxy */;
		};
/* End PBXTargetDependency section */

/* Begin PBXVariantGroup section */
		9777D36223395E5800052407 /* MainMenu.xib */ = {
			isa = PBXVariantGroup;
			children = (
				9777D36323395E5800052407 /* Base */,
			);
			name = MainMenu.xib;
			sourceTree = "<group>";
		};
/* End PBXVariantGroup section */

/* Begin XCBuildConfiguration section */
		9777D37D23395E5800052407 /* Debug */ = {
			isa = XCBuildConfiguration;
			buildSettings = {
				ALWAYS_SEARCH_USER_PATHS = NO;
				CLANG_ANALYZER_NONNULL = YES;
				CLANG_ANALYZER_NUMBER_OBJECT_CONVERSION = YES_AGGRESSIVE;
				CLANG_CXX_LANGUAGE_STANDARD = "gnu++14";
				CLANG_CXX_LIBRARY = "libc++";
				CLANG_ENABLE_MODULES = YES;
				CLANG_ENABLE_OBJC_ARC = YES;
				CLANG_ENABLE_OBJC_WEAK = YES;
				CLANG_WARN_BLOCK_CAPTURE_AUTORELEASING = YES;
				CLANG_WARN_BOOL_CONVERSION = YES;
				CLANG_WARN_COMMA = YES;
				CLANG_WARN_CONSTANT_CONVERSION = YES;
				CLANG_WARN_DEPRECATED_OBJC_IMPLEMENTATIONS = YES;
				CLANG_WARN_DIRECT_OBJC_ISA_USAGE = YES_ERROR;
				CLANG_WARN_DOCUMENTATION_COMMENTS = YES;
				CLANG_WARN_EMPTY_BODY = YES;
				CLANG_WARN_ENUM_CONVERSION = YES;
				CLANG_WARN_INFINITE_RECURSION = YES;
				CLANG_WARN_INT_CONVERSION = YES;
				CLANG_WARN_NON_LITERAL_NULL_CONVERSION = YES;
				CLANG_WARN_OBJC_IMPLICIT_RETAIN_SELF = YES;
				CLANG_WARN_OBJC_LITERAL_CONVERSION = YES;
				CLANG_WARN_OBJC_ROOT_CLASS = YES_ERROR;
				CLANG_WARN_RANGE_LOOP_ANALYSIS = YES;
				CLANG_WARN_STRICT_PROTOTYPES = YES;
				CLANG_WARN_SUSPICIOUS_MOVE = YES;
				CLANG_WARN_UNGUARDED_AVAILABILITY = YES_AGGRESSIVE;
				CLANG_WARN_UNREACHABLE_CODE = YES;
				CLANG_WARN__DUPLICATE_METHOD_MATCH = YES;
				COPY_PHASE_STRIP = NO;
				DEBUG_INFORMATION_FORMAT = dwarf;
				ENABLE_STRICT_OBJC_MSGSEND = YES;
				ENABLE_TESTABILITY = YES;
				GCC_C_LANGUAGE_STANDARD = gnu11;
				GCC_DYNAMIC_NO_PIC = NO;
				GCC_NO_COMMON_BLOCKS = YES;
				GCC_OPTIMIZATION_LEVEL = 0;
				GCC_PREPROCESSOR_DEFINITIONS = (
					"DEBUG=1",
					"$(inherited)",
				);
				GCC_WARN_64_TO_32_BIT_CONVERSION = YES;
				GCC_WARN_ABOUT_RETURN_TYPE = YES_ERROR;
				GCC_WARN_UNDECLARED_SELECTOR = YES;
				GCC_WARN_UNINITIALIZED_AUTOS = YES_AGGRESSIVE;
				GCC_WARN_UNUSED_FUNCTION = YES;
				GCC_WARN_UNUSED_VARIABLE = YES;
				MACOSX_DEPLOYMENT_TARGET = 10.14;
				MTL_ENABLE_DEBUG_INFO = INCLUDE_SOURCE;
				MTL_FAST_MATH = YES;
				ONLY_ACTIVE_ARCH = YES;
				SDKROOT = macosx;
				SWIFT_ACTIVE_COMPILATION_CONDITIONS = DEBUG;
				SWIFT_OPTIMIZATION_LEVEL = "-Onone";
			};
			name = Debug;
		};
		9777D37E23395E5800052407 /* Release */ = {
			isa = XCBuildConfiguration;
			buildSettings = {
				ALWAYS_SEARCH_USER_PATHS = NO;
				CLANG_ANALYZER_NONNULL = YES;
				CLANG_ANALYZER_NUMBER_OBJECT_CONVERSION = YES_AGGRESSIVE;
				CLANG_CXX_LANGUAGE_STANDARD = "gnu++14";
				CLANG_CXX_LIBRARY = "libc++";
				CLANG_ENABLE_MODULES = YES;
				CLANG_ENABLE_OBJC_ARC = YES;
				CLANG_ENABLE_OBJC_WEAK = YES;
				CLANG_WARN_BLOCK_CAPTURE_AUTORELEASING = YES;
				CLANG_WARN_BOOL_CONVERSION = YES;
				CLANG_WARN_COMMA = YES;
				CLANG_WARN_CONSTANT_CONVERSION = YES;
				CLANG_WARN_DEPRECATED_OBJC_IMPLEMENTATIONS = YES;
				CLANG_WARN_DIRECT_OBJC_ISA_USAGE = YES_ERROR;
				CLANG_WARN_DOCUMENTATION_COMMENTS = YES;
				CLANG_WARN_EMPTY_BODY = YES;
				CLANG_WARN_ENUM_CONVERSION = YES;
				CLANG_WARN_INFINITE_RECURSION = YES;
				CLANG_WARN_INT_CONVERSION = YES;
				CLANG_WARN_NON_LITERAL_NULL_CONVERSION = YES;
				CLANG_WARN_OBJC_IMPLICIT_RETAIN_SELF = YES;
				CLANG_WARN_OBJC_LITERAL_CONVERSION = YES;
				CLANG_WARN_OBJC_ROOT_CLASS = YES_ERROR;
				CLANG_WARN_RANGE_LOOP_ANALYSIS = YES;
				CLANG_WARN_STRICT_PROTOTYPES = YES;
				CLANG_WARN_SUSPICIOUS_MOVE = YES;
				CLANG_WARN_UNGUARDED_AVAILABILITY = YES_AGGRESSIVE;
				CLANG_WARN_UNREACHABLE_CODE = YES;
				CLANG_WARN__DUPLICATE_METHOD_MATCH = YES;
				COPY_PHASE_STRIP = NO;
				DEBUG_INFORMATION_FORMAT = "dwarf-with-dsym";
				ENABLE_NS_ASSERTIONS = NO;
				ENABLE_STRICT_OBJC_MSGSEND = YES;
				GCC_C_LANGUAGE_STANDARD = gnu11;
				GCC_NO_COMMON_BLOCKS = YES;
				GCC_WARN_64_TO_32_BIT_CONVERSION = YES;
				GCC_WARN_ABOUT_RETURN_TYPE = YES_ERROR;
				GCC_WARN_UNDECLARED_SELECTOR = YES;
				GCC_WARN_UNINITIALIZED_AUTOS = YES_AGGRESSIVE;
				GCC_WARN_UNUSED_FUNCTION = YES;
				GCC_WARN_UNUSED_VARIABLE = YES;
				MACOSX_DEPLOYMENT_TARGET = 10.14;
				MTL_ENABLE_DEBUG_INFO = NO;
				MTL_FAST_MATH = YES;
				SDKROOT = macosx;
				SWIFT_COMPILATION_MODE = wholemodule;
				SWIFT_OPTIMIZATION_LEVEL = "-O";
			};
			name = Release;
		};
		9777D38023395E5800052407 /* Debug */ = {
			isa = XCBuildConfiguration;
			buildSettings = {
				ASSETCATALOG_COMPILER_APPICON_NAME = AppIcon;
				CODE_SIGN_ENTITLEMENTS = "Delectus 2/Delectus_2.entitlements";
				CODE_SIGN_STYLE = Automatic;
				COMBINE_HIDPI_IMAGES = YES;
				DEVELOPMENT_TEAM = 3RPC7DCRF2;
				ENABLE_HARDENED_RUNTIME = YES;
				INFOPLIST_FILE = "Delectus 2/Info.plist";
				LD_RUNPATH_SEARCH_PATHS = (
					"$(inherited)",
					"@executable_path/../Frameworks",
				);
				MACOSX_DEPLOYMENT_TARGET = 10.12;
				MARKETING_VERSION = 2.0d2;
				PRODUCT_BUNDLE_IDENTIFIER = "com.mikelevins.macos.Delectus-2";
				PRODUCT_NAME = "$(TARGET_NAME)";
				SWIFT_VERSION = 5.0;
			};
			name = Debug;
		};
		9777D38123395E5800052407 /* Release */ = {
			isa = XCBuildConfiguration;
			buildSettings = {
				ASSETCATALOG_COMPILER_APPICON_NAME = AppIcon;
				CODE_SIGN_ENTITLEMENTS = "Delectus 2/Delectus_2.entitlements";
				CODE_SIGN_STYLE = Automatic;
				COMBINE_HIDPI_IMAGES = YES;
				DEVELOPMENT_TEAM = 3RPC7DCRF2;
				ENABLE_HARDENED_RUNTIME = YES;
				INFOPLIST_FILE = "Delectus 2/Info.plist";
				LD_RUNPATH_SEARCH_PATHS = (
					"$(inherited)",
					"@executable_path/../Frameworks",
				);
				MACOSX_DEPLOYMENT_TARGET = 10.12;
				MARKETING_VERSION = 2.0d2;
				PRODUCT_BUNDLE_IDENTIFIER = "com.mikelevins.macos.Delectus-2";
				PRODUCT_NAME = "$(TARGET_NAME)";
				SWIFT_VERSION = 5.0;
			};
			name = Release;
		};
		9777D38323395E5800052407 /* Debug */ = {
			isa = XCBuildConfiguration;
			buildSettings = {
				ALWAYS_EMBED_SWIFT_STANDARD_LIBRARIES = YES;
				BUNDLE_LOADER = "$(TEST_HOST)";
				CODE_SIGN_STYLE = Automatic;
				COMBINE_HIDPI_IMAGES = YES;
				DEVELOPMENT_TEAM = 3RPC7DCRF2;
				INFOPLIST_FILE = "Delectus 2Tests/Info.plist";
				LD_RUNPATH_SEARCH_PATHS = (
					"$(inherited)",
					"@executable_path/../Frameworks",
					"@loader_path/../Frameworks",
				);
				MACOSX_DEPLOYMENT_TARGET = 10.14;
				PRODUCT_BUNDLE_IDENTIFIER = "com.mikelevins.macos.Delectus-2Tests";
				PRODUCT_NAME = "$(TARGET_NAME)";
				SWIFT_VERSION = 5.0;
				TEST_HOST = "$(BUILT_PRODUCTS_DIR)/Delectus 2.app/Contents/MacOS/Delectus 2";
			};
			name = Debug;
		};
		9777D38423395E5800052407 /* Release */ = {
			isa = XCBuildConfiguration;
			buildSettings = {
				ALWAYS_EMBED_SWIFT_STANDARD_LIBRARIES = YES;
				BUNDLE_LOADER = "$(TEST_HOST)";
				CODE_SIGN_STYLE = Automatic;
				COMBINE_HIDPI_IMAGES = YES;
				DEVELOPMENT_TEAM = 3RPC7DCRF2;
				INFOPLIST_FILE = "Delectus 2Tests/Info.plist";
				LD_RUNPATH_SEARCH_PATHS = (
					"$(inherited)",
					"@executable_path/../Frameworks",
					"@loader_path/../Frameworks",
				);
				MACOSX_DEPLOYMENT_TARGET = 10.14;
				PRODUCT_BUNDLE_IDENTIFIER = "com.mikelevins.macos.Delectus-2Tests";
				PRODUCT_NAME = "$(TARGET_NAME)";
				SWIFT_VERSION = 5.0;
				TEST_HOST = "$(BUILT_PRODUCTS_DIR)/Delectus 2.app/Contents/MacOS/Delectus 2";
			};
			name = Release;
		};
		9777D38623395E5800052407 /* Debug */ = {
			isa = XCBuildConfiguration;
			buildSettings = {
				ALWAYS_EMBED_SWIFT_STANDARD_LIBRARIES = YES;
				CODE_SIGN_STYLE = Automatic;
				COMBINE_HIDPI_IMAGES = YES;
				DEVELOPMENT_TEAM = 3RPC7DCRF2;
				INFOPLIST_FILE = "Delectus 2UITests/Info.plist";
				LD_RUNPATH_SEARCH_PATHS = (
					"$(inherited)",
					"@executable_path/../Frameworks",
					"@loader_path/../Frameworks",
				);
				PRODUCT_BUNDLE_IDENTIFIER = "com.mikelevins.macos.Delectus-2UITests";
				PRODUCT_NAME = "$(TARGET_NAME)";
				SWIFT_VERSION = 5.0;
				TEST_TARGET_NAME = "Delectus 2";
			};
			name = Debug;
		};
		9777D38723395E5800052407 /* Release */ = {
			isa = XCBuildConfiguration;
			buildSettings = {
				ALWAYS_EMBED_SWIFT_STANDARD_LIBRARIES = YES;
				CODE_SIGN_STYLE = Automatic;
				COMBINE_HIDPI_IMAGES = YES;
				DEVELOPMENT_TEAM = 3RPC7DCRF2;
				INFOPLIST_FILE = "Delectus 2UITests/Info.plist";
				LD_RUNPATH_SEARCH_PATHS = (
					"$(inherited)",
					"@executable_path/../Frameworks",
					"@loader_path/../Frameworks",
				);
				PRODUCT_BUNDLE_IDENTIFIER = "com.mikelevins.macos.Delectus-2UITests";
				PRODUCT_NAME = "$(TARGET_NAME)";
				SWIFT_VERSION = 5.0;
				TEST_TARGET_NAME = "Delectus 2";
			};
			name = Release;
		};
/* End XCBuildConfiguration section */

/* Begin XCConfigurationList section */
		9777D35623395E5700052407 /* Build configuration list for PBXProject "Delectus 2" */ = {
			isa = XCConfigurationList;
			buildConfigurations = (
				9777D37D23395E5800052407 /* Debug */,
				9777D37E23395E5800052407 /* Release */,
			);
			defaultConfigurationIsVisible = 0;
			defaultConfigurationName = Release;
		};
		9777D37F23395E5800052407 /* Build configuration list for PBXNativeTarget "Delectus 2" */ = {
			isa = XCConfigurationList;
			buildConfigurations = (
				9777D38023395E5800052407 /* Debug */,
				9777D38123395E5800052407 /* Release */,
			);
			defaultConfigurationIsVisible = 0;
			defaultConfigurationName = Release;
		};
		9777D38223395E5800052407 /* Build configuration list for PBXNativeTarget "Delectus 2Tests" */ = {
			isa = XCConfigurationList;
			buildConfigurations = (
				9777D38323395E5800052407 /* Debug */,
				9777D38423395E5800052407 /* Release */,
			);
			defaultConfigurationIsVisible = 0;
			defaultConfigurationName = Release;
		};
		9777D38523395E5800052407 /* Build configuration list for PBXNativeTarget "Delectus 2UITests" */ = {
			isa = XCConfigurationList;
			buildConfigurations = (
				9777D38623395E5800052407 /* Debug */,
				9777D38723395E5800052407 /* Release */,
			);
			defaultConfigurationIsVisible = 0;
			defaultConfigurationName = Release;
		};
/* End XCConfigurationList section */
	};
	rootObject = 9777D35323395E5700052407 /* Project object */;
}
