// !$*UTF8*$!
{
	archiveVersion = 1;
	classes = {
	};
	objectVersion = 50;
	objects = {

/* Begin PBXBuildFile section */
		97B80AAD223D8B63009A693A /* Delect.h in Headers */ = {isa = PBXBuildFile; fileRef = 97B80AAC223D8B63009A693A /* Delect.h */; };
		97B80AAF223D8B63009A693A /* Delect.c in Sources */ = {isa = PBXBuildFile; fileRef = 97B80AAE223D8B63009A693A /* Delect.c */; };
		97B80AB7223D8BEE009A693A /* libDelectus.a in Frameworks */ = {isa = PBXBuildFile; fileRef = 97B80AB6223D8BEE009A693A /* libDelectus.a */; };
		97B80AB9223D8E33009A693A /* gambit.h in Headers */ = {isa = PBXBuildFile; fileRef = 97B80AB8223D8E33009A693A /* gambit.h */; };
		97B80ABC223D8F51009A693A /* libgambit.a in Frameworks */ = {isa = PBXBuildFile; fileRef = 97B80ABB223D8F51009A693A /* libgambit.a */; };
/* End PBXBuildFile section */

/* Begin PBXFileReference section */
		97B80AA9223D8B63009A693A /* libDelect.dylib */ = {isa = PBXFileReference; explicitFileType = "compiled.mach-o.dylib"; includeInIndex = 0; path = libDelect.dylib; sourceTree = BUILT_PRODUCTS_DIR; };
		97B80AAC223D8B63009A693A /* Delect.h */ = {isa = PBXFileReference; lastKnownFileType = sourcecode.c.h; path = Delect.h; sourceTree = "<group>"; };
		97B80AAE223D8B63009A693A /* Delect.c */ = {isa = PBXFileReference; lastKnownFileType = sourcecode.c.c; path = Delect.c; sourceTree = "<group>"; };
		97B80AB6223D8BEE009A693A /* libDelectus.a */ = {isa = PBXFileReference; lastKnownFileType = archive.ar; name = libDelectus.a; path = ../../engine/libDelectus.a; sourceTree = "<group>"; };
		97B80AB8223D8E33009A693A /* gambit.h */ = {isa = PBXFileReference; fileEncoding = 4; lastKnownFileType = sourcecode.c.h; name = gambit.h; path = ../../../../../../../../../usr/local/include/gambit.h; sourceTree = "<group>"; };
		97B80ABA223D8E35009A693A /* gambit.h */ = {isa = PBXFileReference; lastKnownFileType = sourcecode.c.h; path = gambit.h; sourceTree = "<group>"; };
		97B80ABB223D8F51009A693A /* libgambit.a */ = {isa = PBXFileReference; lastKnownFileType = archive.ar; name = libgambit.a; path = ../../../../../../../../usr/local/lib/libgambit.a; sourceTree = "<group>"; };
/* End PBXFileReference section */

/* Begin PBXFrameworksBuildPhase section */
		97B80AA7223D8B63009A693A /* Frameworks */ = {
			isa = PBXFrameworksBuildPhase;
			buildActionMask = 2147483647;
			files = (
				97B80AB7223D8BEE009A693A /* libDelectus.a in Frameworks */,
				97B80ABC223D8F51009A693A /* libgambit.a in Frameworks */,
			);
			runOnlyForDeploymentPostprocessing = 0;
		};
/* End PBXFrameworksBuildPhase section */

/* Begin PBXGroup section */
		97B80AA0223D8B63009A693A = {
			isa = PBXGroup;
			children = (
				97B80AAB223D8B63009A693A /* Delect */,
				97B80AAA223D8B63009A693A /* Products */,
				97B80AB5223D8BED009A693A /* Frameworks */,
			);
			sourceTree = "<group>";
		};
		97B80AAA223D8B63009A693A /* Products */ = {
			isa = PBXGroup;
			children = (
				97B80AA9223D8B63009A693A /* libDelect.dylib */,
			);
			name = Products;
			sourceTree = "<group>";
		};
		97B80AAB223D8B63009A693A /* Delect */ = {
			isa = PBXGroup;
			children = (
				97B80AAC223D8B63009A693A /* Delect.h */,
				97B80AAE223D8B63009A693A /* Delect.c */,
				97B80AB8223D8E33009A693A /* gambit.h */,
			);
			path = Delect;
			sourceTree = "<group>";
		};
		97B80AB5223D8BED009A693A /* Frameworks */ = {
			isa = PBXGroup;
			children = (
				97B80ABA223D8E35009A693A /* gambit.h */,
				97B80AB6223D8BEE009A693A /* libDelectus.a */,
				97B80ABB223D8F51009A693A /* libgambit.a */,
			);
			name = Frameworks;
			sourceTree = "<group>";
		};
/* End PBXGroup section */

/* Begin PBXHeadersBuildPhase section */
		97B80AA5223D8B63009A693A /* Headers */ = {
			isa = PBXHeadersBuildPhase;
			buildActionMask = 2147483647;
			files = (
				97B80AB9223D8E33009A693A /* gambit.h in Headers */,
				97B80AAD223D8B63009A693A /* Delect.h in Headers */,
			);
			runOnlyForDeploymentPostprocessing = 0;
		};
/* End PBXHeadersBuildPhase section */

/* Begin PBXNativeTarget section */
		97B80AA8223D8B63009A693A /* Delect */ = {
			isa = PBXNativeTarget;
			buildConfigurationList = 97B80AB2223D8B63009A693A /* Build configuration list for PBXNativeTarget "Delect" */;
			buildPhases = (
				97B80AA5223D8B63009A693A /* Headers */,
				97B80AA6223D8B63009A693A /* Sources */,
				97B80AA7223D8B63009A693A /* Frameworks */,
			);
			buildRules = (
			);
			dependencies = (
			);
			name = Delect;
			productName = Delect;
			productReference = 97B80AA9223D8B63009A693A /* libDelect.dylib */;
			productType = "com.apple.product-type.library.dynamic";
		};
/* End PBXNativeTarget section */

/* Begin PBXProject section */
		97B80AA1223D8B63009A693A /* Project object */ = {
			isa = PBXProject;
			attributes = {
				LastUpgradeCheck = 1010;
				ORGANIZATIONNAME = Delectus;
				TargetAttributes = {
					97B80AA8223D8B63009A693A = {
						CreatedOnToolsVersion = 10.1;
					};
				};
			};
			buildConfigurationList = 97B80AA4223D8B63009A693A /* Build configuration list for PBXProject "Delect" */;
			compatibilityVersion = "Xcode 9.3";
			developmentRegion = en;
			hasScannedForEncodings = 0;
			knownRegions = (
				en,
			);
			mainGroup = 97B80AA0223D8B63009A693A;
			productRefGroup = 97B80AAA223D8B63009A693A /* Products */;
			projectDirPath = "";
			projectRoot = "";
			targets = (
				97B80AA8223D8B63009A693A /* Delect */,
			);
		};
/* End PBXProject section */

/* Begin PBXSourcesBuildPhase section */
		97B80AA6223D8B63009A693A /* Sources */ = {
			isa = PBXSourcesBuildPhase;
			buildActionMask = 2147483647;
			files = (
				97B80AAF223D8B63009A693A /* Delect.c in Sources */,
			);
			runOnlyForDeploymentPostprocessing = 0;
		};
/* End PBXSourcesBuildPhase section */

/* Begin XCBuildConfiguration section */
		97B80AB0223D8B63009A693A /* Debug */ = {
			isa = XCBuildConfiguration;
			buildSettings = {
				ALWAYS_SEARCH_USER_PATHS = NO;
				CLANG_ANALYZER_NONNULL = YES;
				CLANG_ANALYZER_NUMBER_OBJECT_CONVERSION = YES_AGGRESSIVE;
				CLANG_CXX_LANGUAGE_STANDARD = "gnu++14";
				CLANG_CXX_LIBRARY = "libc++";
				CLANG_ENABLE_MODULES = YES;
				CLANG_ENABLE_OBJC_ARC = YES;
				CLANG_ENABLE_OBJC_WEAK = YES;
				CLANG_WARN_BLOCK_CAPTURE_AUTORELEASING = YES;
				CLANG_WARN_BOOL_CONVERSION = YES;
				CLANG_WARN_COMMA = YES;
				CLANG_WARN_CONSTANT_CONVERSION = YES;
				CLANG_WARN_DEPRECATED_OBJC_IMPLEMENTATIONS = YES;
				CLANG_WARN_DIRECT_OBJC_ISA_USAGE = YES_ERROR;
				CLANG_WARN_DOCUMENTATION_COMMENTS = YES;
				CLANG_WARN_EMPTY_BODY = YES;
				CLANG_WARN_ENUM_CONVERSION = YES;
				CLANG_WARN_INFINITE_RECURSION = YES;
				CLANG_WARN_INT_CONVERSION = YES;
				CLANG_WARN_NON_LITERAL_NULL_CONVERSION = YES;
				CLANG_WARN_OBJC_IMPLICIT_RETAIN_SELF = YES;
				CLANG_WARN_OBJC_LITERAL_CONVERSION = YES;
				CLANG_WARN_OBJC_ROOT_CLASS = YES_ERROR;
				CLANG_WARN_RANGE_LOOP_ANALYSIS = YES;
				CLANG_WARN_STRICT_PROTOTYPES = YES;
				CLANG_WARN_SUSPICIOUS_MOVE = YES;
				CLANG_WARN_UNGUARDED_AVAILABILITY = YES_AGGRESSIVE;
				CLANG_WARN_UNREACHABLE_CODE = YES;
				CLANG_WARN__DUPLICATE_METHOD_MATCH = YES;
				CODE_SIGN_IDENTITY = "Mac Developer";
				COPY_PHASE_STRIP = NO;
				DEBUG_INFORMATION_FORMAT = dwarf;
				ENABLE_STRICT_OBJC_MSGSEND = YES;
				ENABLE_TESTABILITY = YES;
				GCC_C_LANGUAGE_STANDARD = gnu11;
				GCC_DYNAMIC_NO_PIC = NO;
				GCC_NO_COMMON_BLOCKS = YES;
				GCC_OPTIMIZATION_LEVEL = 0;
				GCC_PREPROCESSOR_DEFINITIONS = (
					"DEBUG=1",
					"$(inherited)",
				);
				GCC_WARN_64_TO_32_BIT_CONVERSION = YES;
				GCC_WARN_ABOUT_RETURN_TYPE = YES_ERROR;
				GCC_WARN_UNDECLARED_SELECTOR = YES;
				GCC_WARN_UNINITIALIZED_AUTOS = YES_AGGRESSIVE;
				GCC_WARN_UNUSED_FUNCTION = YES;
				GCC_WARN_UNUSED_VARIABLE = YES;
				MACOSX_DEPLOYMENT_TARGET = 10.14;
				MTL_ENABLE_DEBUG_INFO = INCLUDE_SOURCE;
				MTL_FAST_MATH = YES;
				ONLY_ACTIVE_ARCH = YES;
				SDKROOT = macosx;
			};
			name = Debug;
		};
		97B80AB1223D8B63009A693A /* Release */ = {
			isa = XCBuildConfiguration;
			buildSettings = {
				ALWAYS_SEARCH_USER_PATHS = NO;
				CLANG_ANALYZER_NONNULL = YES;
				CLANG_ANALYZER_NUMBER_OBJECT_CONVERSION = YES_AGGRESSIVE;
				CLANG_CXX_LANGUAGE_STANDARD = "gnu++14";
				CLANG_CXX_LIBRARY = "libc++";
				CLANG_ENABLE_MODULES = YES;
				CLANG_ENABLE_OBJC_ARC = YES;
				CLANG_ENABLE_OBJC_WEAK = YES;
				CLANG_WARN_BLOCK_CAPTURE_AUTORELEASING = YES;
				CLANG_WARN_BOOL_CONVERSION = YES;
				CLANG_WARN_COMMA = YES;
				CLANG_WARN_CONSTANT_CONVERSION = YES;
				CLANG_WARN_DEPRECATED_OBJC_IMPLEMENTATIONS = YES;
				CLANG_WARN_DIRECT_OBJC_ISA_USAGE = YES_ERROR;
				CLANG_WARN_DOCUMENTATION_COMMENTS = YES;
				CLANG_WARN_EMPTY_BODY = YES;
				CLANG_WARN_ENUM_CONVERSION = YES;
				CLANG_WARN_INFINITE_RECURSION = YES;
				CLANG_WARN_INT_CONVERSION = YES;
				CLANG_WARN_NON_LITERAL_NULL_CONVERSION = YES;
				CLANG_WARN_OBJC_IMPLICIT_RETAIN_SELF = YES;
				CLANG_WARN_OBJC_LITERAL_CONVERSION = YES;
				CLANG_WARN_OBJC_ROOT_CLASS = YES_ERROR;
				CLANG_WARN_RANGE_LOOP_ANALYSIS = YES;
				CLANG_WARN_STRICT_PROTOTYPES = YES;
				CLANG_WARN_SUSPICIOUS_MOVE = YES;
				CLANG_WARN_UNGUARDED_AVAILABILITY = YES_AGGRESSIVE;
				CLANG_WARN_UNREACHABLE_CODE = YES;
				CLANG_WARN__DUPLICATE_METHOD_MATCH = YES;
				CODE_SIGN_IDENTITY = "Mac Developer";
				COPY_PHASE_STRIP = NO;
				DEBUG_INFORMATION_FORMAT = "dwarf-with-dsym";
				ENABLE_NS_ASSERTIONS = NO;
				ENABLE_STRICT_OBJC_MSGSEND = YES;
				GCC_C_LANGUAGE_STANDARD = gnu11;
				GCC_NO_COMMON_BLOCKS = YES;
				GCC_WARN_64_TO_32_BIT_CONVERSION = YES;
				GCC_WARN_ABOUT_RETURN_TYPE = YES_ERROR;
				GCC_WARN_UNDECLARED_SELECTOR = YES;
				GCC_WARN_UNINITIALIZED_AUTOS = YES_AGGRESSIVE;
				GCC_WARN_UNUSED_FUNCTION = YES;
				GCC_WARN_UNUSED_VARIABLE = YES;
				MACOSX_DEPLOYMENT_TARGET = 10.14;
				MTL_ENABLE_DEBUG_INFO = NO;
				MTL_FAST_MATH = YES;
				SDKROOT = macosx;
			};
			name = Release;
		};
		97B80AB3223D8B63009A693A /* Debug */ = {
			isa = XCBuildConfiguration;
			buildSettings = {
				CODE_SIGN_STYLE = Automatic;
				DEVELOPMENT_TEAM = 3RPC7DCRF2;
				DYLIB_COMPATIBILITY_VERSION = 1;
				DYLIB_CURRENT_VERSION = 1;
				EXECUTABLE_PREFIX = lib;
				LIBRARY_SEARCH_PATHS = (
					"\"$(SRCROOT)/../../engine/\"",
					"$(LOCAL_LIBRARY_DIR)/Gambit/v4.8.9/lib",
				);
				PRODUCT_NAME = "$(TARGET_NAME)";
				SKIP_INSTALL = YES;
			};
			name = Debug;
		};
		97B80AB4223D8B63009A693A /* Release */ = {
			isa = XCBuildConfiguration;
			buildSettings = {
				CODE_SIGN_STYLE = Automatic;
				DEVELOPMENT_TEAM = 3RPC7DCRF2;
				DYLIB_COMPATIBILITY_VERSION = 1;
				DYLIB_CURRENT_VERSION = 1;
				EXECUTABLE_PREFIX = lib;
				LIBRARY_SEARCH_PATHS = (
					"\"$(SRCROOT)/../../engine/\"",
					"$(LOCAL_LIBRARY_DIR)/Gambit/v4.8.9/lib",
				);
				PRODUCT_NAME = "$(TARGET_NAME)";
				SKIP_INSTALL = YES;
			};
			name = Release;
		};
/* End XCBuildConfiguration section */

/* Begin XCConfigurationList section */
		97B80AA4223D8B63009A693A /* Build configuration list for PBXProject "Delect" */ = {
			isa = XCConfigurationList;
			buildConfigurations = (
				97B80AB0223D8B63009A693A /* Debug */,
				97B80AB1223D8B63009A693A /* Release */,
			);
			defaultConfigurationIsVisible = 0;
			defaultConfigurationName = Release;
		};
		97B80AB2223D8B63009A693A /* Build configuration list for PBXNativeTarget "Delect" */ = {
			isa = XCConfigurationList;
			buildConfigurations = (
				97B80AB3223D8B63009A693A /* Debug */,
				97B80AB4223D8B63009A693A /* Release */,
			);
			defaultConfigurationIsVisible = 0;
			defaultConfigurationName = Release;
		};
/* End XCConfigurationList section */
	};
	rootObject = 97B80AA1223D8B63009A693A /* Project object */;
}
