// !$*UTF8*$!
{
	archiveVersion = 1;
	classes = {
	};
	objectVersion = 45;
	objects = {

/* Begin PBXBuildFile section */
		8D15AC2C0486D014006FF6A4 /* Credits.rtf in Resources */ = {isa = PBXBuildFile; fileRef = 2A37F4B9FDCFA73011CA2CEA /* Credits.rtf */; };
		8D15AC2F0486D014006FF6A4 /* InfoPlist.strings in Resources */ = {isa = PBXBuildFile; fileRef = 089C165FFE840EACC02AAC07 /* InfoPlist.strings */; };
		8D15AC320486D014006FF6A4 /* main.m in Sources */ = {isa = PBXBuildFile; fileRef = 2A37F4B0FDCFA73011CA2CEA /* main.m */; settings = {ATTRIBUTES = (); }; };
		8D15AC340486D014006FF6A4 /* Cocoa.framework in Frameworks */ = {isa = PBXBuildFile; fileRef = 1058C7A7FEA54F5311CA2CBB /* Cocoa.framework */; };
		970F94AF12B307770095D0DA /* DelectusDocument.xib in Resources */ = {isa = PBXBuildFile; fileRef = 970F94AB12B307770095D0DA /* DelectusDocument.xib */; };
		970F94B012B307770095D0DA /* MainMenu.xib in Resources */ = {isa = PBXBuildFile; fileRef = 970F94AD12B307770095D0DA /* MainMenu.xib */; };
		970F94B612B307D60095D0DA /* AddColumnSheet.xib in Resources */ = {isa = PBXBuildFile; fileRef = 970F94B412B307D60095D0DA /* AddColumnSheet.xib */; };
		970F94CB12B3089E0095D0DA /* DelectusAppDelegate.m in Sources */ = {isa = PBXBuildFile; fileRef = 970F94C012B3089E0095D0DA /* DelectusAppDelegate.m */; };
		970F94CD12B3089E0095D0DA /* DelectusCell.m in Sources */ = {isa = PBXBuildFile; fileRef = 970F94C412B3089E0095D0DA /* DelectusCell.m */; };
		970F94CE12B3089E0095D0DA /* DelectusDocument.m in Sources */ = {isa = PBXBuildFile; fileRef = 970F94C612B3089E0095D0DA /* DelectusDocument.m */; };
		970F94CF12B3089E0095D0DA /* DelectusTableView.m in Sources */ = {isa = PBXBuildFile; fileRef = 970F94C812B3089E0095D0DA /* DelectusTableView.m */; };
		970F94D012B3089E0095D0DA /* NSString+CString.m in Sources */ = {isa = PBXBuildFile; fileRef = 970F94CA12B3089E0095D0DA /* NSString+CString.m */; };
		970F94DF12B3093E0095D0DA /* sqlite3.c in Sources */ = {isa = PBXBuildFile; fileRef = 970F94DC12B3093E0095D0DA /* sqlite3.c */; };
		970F94F012B3241C0095D0DA /* delectus.c in Sources */ = {isa = PBXBuildFile; fileRef = 970F94EF12B3241C0095D0DA /* delectus.c */; };
/* End PBXBuildFile section */

/* Begin PBXFileReference section */
		089C1660FE840EACC02AAC07 /* English */ = {isa = PBXFileReference; fileEncoding = 4; lastKnownFileType = text.plist.strings; name = English; path = English.lproj/InfoPlist.strings; sourceTree = "<group>"; };
		1058C7A7FEA54F5311CA2CBB /* Cocoa.framework */ = {isa = PBXFileReference; lastKnownFileType = wrapper.framework; name = Cocoa.framework; path = /System/Library/Frameworks/Cocoa.framework; sourceTree = "<absolute>"; };
		13E42FBA07B3F13500E4EEF1 /* CoreData.framework */ = {isa = PBXFileReference; lastKnownFileType = wrapper.framework; name = CoreData.framework; path = /System/Library/Frameworks/CoreData.framework; sourceTree = "<absolute>"; };
		2564AD2C0F5327BB00F57823 /* Delectus_Prefix.pch */ = {isa = PBXFileReference; fileEncoding = 4; lastKnownFileType = sourcecode.c.h; path = Delectus_Prefix.pch; sourceTree = "<group>"; };
		2A37F4B0FDCFA73011CA2CEA /* main.m */ = {isa = PBXFileReference; fileEncoding = 4; lastKnownFileType = sourcecode.c.objc; path = main.m; sourceTree = "<group>"; };
		2A37F4BAFDCFA73011CA2CEA /* English */ = {isa = PBXFileReference; lastKnownFileType = text.rtf; name = English; path = English.lproj/Credits.rtf; sourceTree = "<group>"; };
		2A37F4C4FDCFA73011CA2CEA /* AppKit.framework */ = {isa = PBXFileReference; lastKnownFileType = wrapper.framework; name = AppKit.framework; path = /System/Library/Frameworks/AppKit.framework; sourceTree = "<absolute>"; };
		2A37F4C5FDCFA73011CA2CEA /* Foundation.framework */ = {isa = PBXFileReference; lastKnownFileType = wrapper.framework; name = Foundation.framework; path = /System/Library/Frameworks/Foundation.framework; sourceTree = "<absolute>"; };
		8D15AC360486D014006FF6A4 /* Delectus-Info.plist */ = {isa = PBXFileReference; fileEncoding = 4; lastKnownFileType = text.plist.xml; path = "Delectus-Info.plist"; sourceTree = "<group>"; };
		8D15AC370486D014006FF6A4 /* Delectus.app */ = {isa = PBXFileReference; explicitFileType = wrapper.application; includeInIndex = 0; path = Delectus.app; sourceTree = BUILT_PRODUCTS_DIR; };
		970F94AC12B307770095D0DA /* English */ = {isa = PBXFileReference; lastKnownFileType = file.xib; name = English; path = English.lproj/DelectusDocument.xib; sourceTree = "<group>"; };
		970F94AE12B307770095D0DA /* English */ = {isa = PBXFileReference; lastKnownFileType = file.xib; name = English; path = English.lproj/MainMenu.xib; sourceTree = "<group>"; };
		970F94B512B307D60095D0DA /* English */ = {isa = PBXFileReference; lastKnownFileType = file.xib; name = English; path = English.lproj/AddColumnSheet.xib; sourceTree = "<group>"; };
		970F94BF12B3089E0095D0DA /* DelectusAppDelegate.h */ = {isa = PBXFileReference; fileEncoding = 4; lastKnownFileType = sourcecode.c.h; path = DelectusAppDelegate.h; sourceTree = "<group>"; };
		970F94C012B3089E0095D0DA /* DelectusAppDelegate.m */ = {isa = PBXFileReference; fileEncoding = 4; lastKnownFileType = sourcecode.c.objc; path = DelectusAppDelegate.m; sourceTree = "<group>"; };
		970F94C312B3089E0095D0DA /* DelectusCell.h */ = {isa = PBXFileReference; fileEncoding = 4; lastKnownFileType = sourcecode.c.h; path = DelectusCell.h; sourceTree = "<group>"; };
		970F94C412B3089E0095D0DA /* DelectusCell.m */ = {isa = PBXFileReference; fileEncoding = 4; lastKnownFileType = sourcecode.c.objc; path = DelectusCell.m; sourceTree = "<group>"; };
		970F94C512B3089E0095D0DA /* DelectusDocument.h */ = {isa = PBXFileReference; fileEncoding = 4; lastKnownFileType = sourcecode.c.h; path = DelectusDocument.h; sourceTree = "<group>"; };
		970F94C612B3089E0095D0DA /* DelectusDocument.m */ = {isa = PBXFileReference; fileEncoding = 4; lastKnownFileType = sourcecode.c.objc; path = DelectusDocument.m; sourceTree = "<group>"; };
		970F94C712B3089E0095D0DA /* DelectusTableView.h */ = {isa = PBXFileReference; fileEncoding = 4; lastKnownFileType = sourcecode.c.h; path = DelectusTableView.h; sourceTree = "<group>"; };
		970F94C812B3089E0095D0DA /* DelectusTableView.m */ = {isa = PBXFileReference; fileEncoding = 4; lastKnownFileType = sourcecode.c.objc; path = DelectusTableView.m; sourceTree = "<group>"; };
		970F94C912B3089E0095D0DA /* NSString+CString.h */ = {isa = PBXFileReference; fileEncoding = 4; lastKnownFileType = sourcecode.c.h; path = "NSString+CString.h"; sourceTree = "<group>"; };
		970F94CA12B3089E0095D0DA /* NSString+CString.m */ = {isa = PBXFileReference; fileEncoding = 4; lastKnownFileType = sourcecode.c.objc; path = "NSString+CString.m"; sourceTree = "<group>"; };
		970F94DC12B3093E0095D0DA /* sqlite3.c */ = {isa = PBXFileReference; fileEncoding = 4; lastKnownFileType = sourcecode.c.c; path = sqlite3.c; sourceTree = "<group>"; };
		970F94DD12B3093E0095D0DA /* sqlite3.h */ = {isa = PBXFileReference; fileEncoding = 4; lastKnownFileType = sourcecode.c.h; path = sqlite3.h; sourceTree = "<group>"; };
		970F94DE12B3093E0095D0DA /* sqlite3ext.h */ = {isa = PBXFileReference; fileEncoding = 4; lastKnownFileType = sourcecode.c.h; path = sqlite3ext.h; sourceTree = "<group>"; };
		970F94EE12B3241C0095D0DA /* delectus.h */ = {isa = PBXFileReference; fileEncoding = 4; lastKnownFileType = sourcecode.c.h; path = delectus.h; sourceTree = "<group>"; };
		970F94EF12B3241C0095D0DA /* delectus.c */ = {isa = PBXFileReference; fileEncoding = 4; lastKnownFileType = sourcecode.c.c; path = delectus.c; sourceTree = "<group>"; };
/* End PBXFileReference section */

/* Begin PBXFrameworksBuildPhase section */
		8D15AC330486D014006FF6A4 /* Frameworks */ = {
			isa = PBXFrameworksBuildPhase;
			buildActionMask = 2147483647;
			files = (
				8D15AC340486D014006FF6A4 /* Cocoa.framework in Frameworks */,
			);
			runOnlyForDeploymentPostprocessing = 0;
		};
/* End PBXFrameworksBuildPhase section */

/* Begin PBXGroup section */
		1058C7A6FEA54F5311CA2CBB /* Linked Frameworks */ = {
			isa = PBXGroup;
			children = (
				1058C7A7FEA54F5311CA2CBB /* Cocoa.framework */,
			);
			name = "Linked Frameworks";
			sourceTree = "<group>";
		};
		1058C7A8FEA54F5311CA2CBB /* Other Frameworks */ = {
			isa = PBXGroup;
			children = (
				2A37F4C4FDCFA73011CA2CEA /* AppKit.framework */,
				13E42FBA07B3F13500E4EEF1 /* CoreData.framework */,
				2A37F4C5FDCFA73011CA2CEA /* Foundation.framework */,
			);
			name = "Other Frameworks";
			sourceTree = "<group>";
		};
		19C28FB0FE9D524F11CA2CBB /* Products */ = {
			isa = PBXGroup;
			children = (
				8D15AC370486D014006FF6A4 /* Delectus.app */,
			);
			name = Products;
			sourceTree = "<group>";
		};
		2A37F4AAFDCFA73011CA2CEA /* Delectus */ = {
			isa = PBXGroup;
			children = (
				2A37F4ABFDCFA73011CA2CEA /* Classes */,
				2A37F4AFFDCFA73011CA2CEA /* Other Sources */,
				2A37F4B8FDCFA73011CA2CEA /* Resources */,
				2A37F4C3FDCFA73011CA2CEA /* Frameworks */,
				19C28FB0FE9D524F11CA2CBB /* Products */,
			);
			name = Delectus;
			sourceTree = "<group>";
		};
		2A37F4ABFDCFA73011CA2CEA /* Classes */ = {
			isa = PBXGroup;
			children = (
				970F94BF12B3089E0095D0DA /* DelectusAppDelegate.h */,
				970F94C012B3089E0095D0DA /* DelectusAppDelegate.m */,
				970F94C312B3089E0095D0DA /* DelectusCell.h */,
				970F94C412B3089E0095D0DA /* DelectusCell.m */,
				970F94C512B3089E0095D0DA /* DelectusDocument.h */,
				970F94C612B3089E0095D0DA /* DelectusDocument.m */,
				970F94C712B3089E0095D0DA /* DelectusTableView.h */,
				970F94C812B3089E0095D0DA /* DelectusTableView.m */,
				970F94C912B3089E0095D0DA /* NSString+CString.h */,
				970F94CA12B3089E0095D0DA /* NSString+CString.m */,
			);
			name = Classes;
			sourceTree = "<group>";
		};
		2A37F4AFFDCFA73011CA2CEA /* Other Sources */ = {
			isa = PBXGroup;
			children = (
				970F94DC12B3093E0095D0DA /* sqlite3.c */,
				970F94DD12B3093E0095D0DA /* sqlite3.h */,
				970F94DE12B3093E0095D0DA /* sqlite3ext.h */,
				2564AD2C0F5327BB00F57823 /* Delectus_Prefix.pch */,
				2A37F4B0FDCFA73011CA2CEA /* main.m */,
				970F94EE12B3241C0095D0DA /* delectus.h */,
				970F94EF12B3241C0095D0DA /* delectus.c */,
			);
			name = "Other Sources";
			sourceTree = "<group>";
		};
		2A37F4B8FDCFA73011CA2CEA /* Resources */ = {
			isa = PBXGroup;
			children = (
				970F94B412B307D60095D0DA /* AddColumnSheet.xib */,
				970F94AB12B307770095D0DA /* DelectusDocument.xib */,
				970F94AD12B307770095D0DA /* MainMenu.xib */,
				2A37F4B9FDCFA73011CA2CEA /* Credits.rtf */,
				8D15AC360486D014006FF6A4 /* Delectus-Info.plist */,
				089C165FFE840EACC02AAC07 /* InfoPlist.strings */,
			);
			name = Resources;
			sourceTree = "<group>";
		};
		2A37F4C3FDCFA73011CA2CEA /* Frameworks */ = {
			isa = PBXGroup;
			children = (
				1058C7A6FEA54F5311CA2CBB /* Linked Frameworks */,
				1058C7A8FEA54F5311CA2CBB /* Other Frameworks */,
			);
			name = Frameworks;
			sourceTree = "<group>";
		};
/* End PBXGroup section */

/* Begin PBXNativeTarget section */
		8D15AC270486D014006FF6A4 /* Delectus */ = {
			isa = PBXNativeTarget;
			buildConfigurationList = C05733C708A9546B00998B17 /* Build configuration list for PBXNativeTarget "Delectus" */;
			buildPhases = (
				8D15AC2B0486D014006FF6A4 /* Resources */,
				8D15AC300486D014006FF6A4 /* Sources */,
				8D15AC330486D014006FF6A4 /* Frameworks */,
			);
			buildRules = (
			);
			dependencies = (
			);
			name = Delectus;
			productInstallPath = "$(HOME)/Applications";
			productName = Delectus;
			productReference = 8D15AC370486D014006FF6A4 /* Delectus.app */;
			productType = "com.apple.product-type.application";
		};
/* End PBXNativeTarget section */

/* Begin PBXProject section */
		2A37F4A9FDCFA73011CA2CEA /* Project object */ = {
			isa = PBXProject;
			buildConfigurationList = C05733CB08A9546B00998B17 /* Build configuration list for PBXProject "Delectus" */;
			compatibilityVersion = "Xcode 3.1";
			developmentRegion = English;
			hasScannedForEncodings = 1;
			knownRegions = (
				English,
				Japanese,
				French,
				German,
			);
			mainGroup = 2A37F4AAFDCFA73011CA2CEA /* Delectus */;
			projectDirPath = "";
			projectRoot = "";
			targets = (
				8D15AC270486D014006FF6A4 /* Delectus */,
			);
		};
/* End PBXProject section */

/* Begin PBXResourcesBuildPhase section */
		8D15AC2B0486D014006FF6A4 /* Resources */ = {
			isa = PBXResourcesBuildPhase;
			buildActionMask = 2147483647;
			files = (
				8D15AC2C0486D014006FF6A4 /* Credits.rtf in Resources */,
				8D15AC2F0486D014006FF6A4 /* InfoPlist.strings in Resources */,
				970F94AF12B307770095D0DA /* DelectusDocument.xib in Resources */,
				970F94B012B307770095D0DA /* MainMenu.xib in Resources */,
				970F94B612B307D60095D0DA /* AddColumnSheet.xib in Resources */,
			);
			runOnlyForDeploymentPostprocessing = 0;
		};
/* End PBXResourcesBuildPhase section */

/* Begin PBXSourcesBuildPhase section */
		8D15AC300486D014006FF6A4 /* Sources */ = {
			isa = PBXSourcesBuildPhase;
			buildActionMask = 2147483647;
			files = (
				8D15AC320486D014006FF6A4 /* main.m in Sources */,
				970F94CB12B3089E0095D0DA /* DelectusAppDelegate.m in Sources */,
				970F94CD12B3089E0095D0DA /* DelectusCell.m in Sources */,
				970F94CE12B3089E0095D0DA /* DelectusDocument.m in Sources */,
				970F94CF12B3089E0095D0DA /* DelectusTableView.m in Sources */,
				970F94D012B3089E0095D0DA /* NSString+CString.m in Sources */,
				970F94DF12B3093E0095D0DA /* sqlite3.c in Sources */,
				970F94F012B3241C0095D0DA /* delectus.c in Sources */,
			);
			runOnlyForDeploymentPostprocessing = 0;
		};
/* End PBXSourcesBuildPhase section */

/* Begin PBXVariantGroup section */
		089C165FFE840EACC02AAC07 /* InfoPlist.strings */ = {
			isa = PBXVariantGroup;
			children = (
				089C1660FE840EACC02AAC07 /* English */,
			);
			name = InfoPlist.strings;
			sourceTree = "<group>";
		};
		2A37F4B9FDCFA73011CA2CEA /* Credits.rtf */ = {
			isa = PBXVariantGroup;
			children = (
				2A37F4BAFDCFA73011CA2CEA /* English */,
			);
			name = Credits.rtf;
			sourceTree = "<group>";
		};
		970F94AB12B307770095D0DA /* DelectusDocument.xib */ = {
			isa = PBXVariantGroup;
			children = (
				970F94AC12B307770095D0DA /* English */,
			);
			name = DelectusDocument.xib;
			sourceTree = "<group>";
		};
		970F94AD12B307770095D0DA /* MainMenu.xib */ = {
			isa = PBXVariantGroup;
			children = (
				970F94AE12B307770095D0DA /* English */,
			);
			name = MainMenu.xib;
			sourceTree = "<group>";
		};
		970F94B412B307D60095D0DA /* AddColumnSheet.xib */ = {
			isa = PBXVariantGroup;
			children = (
				970F94B512B307D60095D0DA /* English */,
			);
			name = AddColumnSheet.xib;
			sourceTree = "<group>";
		};
/* End PBXVariantGroup section */

/* Begin XCBuildConfiguration section */
		C05733C808A9546B00998B17 /* Debug */ = {
			isa = XCBuildConfiguration;
			buildSettings = {
				ALWAYS_SEARCH_USER_PATHS = NO;
				COPY_PHASE_STRIP = NO;
				GCC_DYNAMIC_NO_PIC = NO;
				GCC_ENABLE_FIX_AND_CONTINUE = YES;
				GCC_MODEL_TUNING = G5;
				GCC_OPTIMIZATION_LEVEL = 0;
				GCC_PRECOMPILE_PREFIX_HEADER = YES;
				GCC_PREFIX_HEADER = Delectus_Prefix.pch;
				INFOPLIST_FILE = "Delectus-Info.plist";
				INSTALL_PATH = "$(HOME)/Applications";
				PRODUCT_NAME = Delectus;
			};
			name = Debug;
		};
		C05733C908A9546B00998B17 /* Release */ = {
			isa = XCBuildConfiguration;
			buildSettings = {
				ALWAYS_SEARCH_USER_PATHS = NO;
				DEBUG_INFORMATION_FORMAT = "dwarf-with-dsym";
				GCC_MODEL_TUNING = G5;
				GCC_PRECOMPILE_PREFIX_HEADER = YES;
				GCC_PREFIX_HEADER = Delectus_Prefix.pch;
				INFOPLIST_FILE = "Delectus-Info.plist";
				INSTALL_PATH = "$(HOME)/Applications";
				PRODUCT_NAME = Delectus;
			};
			name = Release;
		};
		C05733CC08A9546B00998B17 /* Debug */ = {
			isa = XCBuildConfiguration;
			buildSettings = {
				ARCHS = "$(ARCHS_STANDARD_32_64_BIT)";
				GCC_C_LANGUAGE_STANDARD = gnu99;
				GCC_OPTIMIZATION_LEVEL = 0;
				GCC_WARN_ABOUT_RETURN_TYPE = YES;
				GCC_WARN_UNUSED_VARIABLE = YES;
				ONLY_ACTIVE_ARCH = YES;
				PREBINDING = NO;
				SDKROOT = macosx10.6;
			};
			name = Debug;
		};
		C05733CD08A9546B00998B17 /* Release */ = {
			isa = XCBuildConfiguration;
			buildSettings = {
				ARCHS = "$(ARCHS_STANDARD_32_64_BIT)";
				GCC_C_LANGUAGE_STANDARD = gnu99;
				GCC_WARN_ABOUT_RETURN_TYPE = YES;
				GCC_WARN_UNUSED_VARIABLE = YES;
				PREBINDING = NO;
				SDKROOT = macosx10.6;
			};
			name = Release;
		};
/* End XCBuildConfiguration section */

/* Begin XCConfigurationList section */
		C05733C708A9546B00998B17 /* Build configuration list for PBXNativeTarget "Delectus" */ = {
			isa = XCConfigurationList;
			buildConfigurations = (
				C05733C808A9546B00998B17 /* Debug */,
				C05733C908A9546B00998B17 /* Release */,
			);
			defaultConfigurationIsVisible = 0;
			defaultConfigurationName = Release;
		};
		C05733CB08A9546B00998B17 /* Build configuration list for PBXProject "Delectus" */ = {
			isa = XCConfigurationList;
			buildConfigurations = (
				C05733CC08A9546B00998B17 /* Debug */,
				C05733CD08A9546B00998B17 /* Release */,
			);
			defaultConfigurationIsVisible = 0;
			defaultConfigurationName = Release;
		};
/* End XCConfigurationList section */
	};
	rootObject = 2A37F4A9FDCFA73011CA2CEA /* Project object */;
}
